
Microsoft Visual Studio Solution File, Format Version 12.00
# Visual Studio Version 17
VisualStudioVersion = 17.6.33829.357
MinimumVisualStudioVersion = 10.0.40219.1
Project("{FAE04EC0-301F-11D3-BF4B-00C04F79EFBC}") = "NHibernateExtensionMethods", "NHibernateExtensionMethods\NHibernateExtensionMethods.csproj", "{B86267C5-DB20-4F17-93A5-A148F3A90FBC}"
EndProject
Global
	GlobalSection(SolutionConfigurationPlatforms) = preSolution
		Debug|Any CPU = Debug|Any CPU
		Release|Any CPU = Release|Any CPU
	EndGlobalSection
	GlobalSection(ProjectConfigurationPlatforms) = postSolution
		{B86267C5-DB20-4F17-93A5-A148F3A90FBC}.Debug|Any CPU.ActiveCfg = Debug|Any CPU
		{B86267C5-DB20-4F17-93A5-A148F3A90FBC}.Debug|Any CPU.Build.0 = Debug|Any CPU
		{B86267C5-DB20-4F17-93A5-A148F3A90FBC}.Release|Any CPU.ActiveCfg = Release|Any CPU
		{B86267C5-DB20-4F17-93A5-A148F3A90FBC}.Release|Any CPU.Build.0 = Release|Any CPU
	EndGlobalSection
	GlobalSection(SolutionProperties) = preSolution
		HideSolutionNode = FALSE
	EndGlobalSection
	GlobalSection(ExtensibilityGlobals) = postSolution
		SolutionGuid = {2D2F2CCC-E679-4D15-B85A-609E1BE3B7B3}
	EndGlobalSection
EndGlobal
